// !$*UTF8*$!
{
	archiveVersion = 1;
	classes = {
	};
	objectVersion = 46;
	objects = {

/* Begin PBXBuildFile section */
		30C01A2797BB239769FDF3F5 /* libPods-WOTPlus-WOTPlusUITests.a in Frameworks */ = {isa = PBXBuildFile; fileRef = 34B40BED5026A69CDB83CC2F /* libPods-WOTPlus-WOTPlusUITests.a */; };
		52E0C0DC16C6637D82FD4920 /* libPods-WOTPlus.a in Frameworks */ = {isa = PBXBuildFile; fileRef = 393674C9ED6FBB35941EDF1D /* libPods-WOTPlus.a */; };
		5DEEFFD6A4A5F5479558FA90 /* libPods-WOTPlus-WOTPlusTests.a in Frameworks */ = {isa = PBXBuildFile; fileRef = 159ABD448A8723EC0F8B8C90 /* libPods-WOTPlus-WOTPlusTests.a */; };
		8415B5D51D05B59A00FBA8E7 /* WOTPersonViewController.m in Sources */ = {isa = PBXBuildFile; fileRef = 8415B5D41D05B59A00FBA8E7 /* WOTPersonViewController.m */; };
		8415B5D81D05B79900FBA8E7 /* WOTPersonTableView.m in Sources */ = {isa = PBXBuildFile; fileRef = 8415B5D71D05B79900FBA8E7 /* WOTPersonTableView.m */; };
		8415B5DA1D05B9DA00FBA8E7 /* leftController.plist in Resources */ = {isa = PBXBuildFile; fileRef = 8415B5D91D05B9DA00FBA8E7 /* leftController.plist */; };
		842EF3511CF97CCA001B775E /* WOTGuideViewController.m in Sources */ = {isa = PBXBuildFile; fileRef = 842EF33B1CF97CCA001B775E /* WOTGuideViewController.m */; };
		842EF3531CF97CCA001B775E /* WOTHomeTableViewController.m in Sources */ = {isa = PBXBuildFile; fileRef = 842EF3401CF97CCA001B775E /* WOTHomeTableViewController.m */; };
		842EF3541CF97CCA001B775E /* WOTMainTabBarController.m in Sources */ = {isa = PBXBuildFile; fileRef = 842EF3431CF97CCA001B775E /* WOTMainTabBarController.m */; };
		842EF3551CF97CCA001B775E /* WOTPersonTableViewController.m in Sources */ = {isa = PBXBuildFile; fileRef = 842EF3461CF97CCA001B775E /* WOTPersonTableViewController.m */; };
		842EF3561CF97CCA001B775E /* WOTSettingTableViewController.m in Sources */ = {isa = PBXBuildFile; fileRef = 842EF3491CF97CCA001B775E /* WOTSettingTableViewController.m */; };
		842EF3571CF97CCA001B775E /* WOTTieBarViewController.m in Sources */ = {isa = PBXBuildFile; fileRef = 842EF34C1CF97CCA001B775E /* WOTTieBarViewController.m */; };
		842EF3581CF97CCA001B775E /* WOTVideoViewController.m in Sources */ = {isa = PBXBuildFile; fileRef = 842EF34F1CF97CCA001B775E /* WOTVideoViewController.m */; };
		843E86C01CFE870400EC36C4 /* WOTSettingTableViewCell.m in Sources */ = {isa = PBXBuildFile; fileRef = 843E86BF1CFE870400EC36C4 /* WOTSettingTableViewCell.m */; };
		84B9D5CC1CF3F670006FC03C /* main.m in Sources */ = {isa = PBXBuildFile; fileRef = 84B9D5CB1CF3F670006FC03C /* main.m */; };
		84B9D5D71CF3F670006FC03C /* Assets.xcassets in Resources */ = {isa = PBXBuildFile; fileRef = 84B9D5D61CF3F670006FC03C /* Assets.xcassets */; };
		84B9D5DA1CF3F670006FC03C /* LaunchScreen.storyboard in Resources */ = {isa = PBXBuildFile; fileRef = 84B9D5D81CF3F670006FC03C /* LaunchScreen.storyboard */; };
		84B9D5E51CF3F670006FC03C /* WOTPlusTests.m in Sources */ = {isa = PBXBuildFile; fileRef = 84B9D5E41CF3F670006FC03C /* WOTPlusTests.m */; };
		84B9D5F01CF3F670006FC03C /* WOTPlusUITests.m in Sources */ = {isa = PBXBuildFile; fileRef = 84B9D5EF1CF3F670006FC03C /* WOTPlusUITests.m */; };
		84E50E351CFF032800CA2525 /* WOTVisitorLoginViewController.m in Sources */ = {isa = PBXBuildFile; fileRef = 84E50E341CFF032800CA2525 /* WOTVisitorLoginViewController.m */; };
		84F12D531CF9A2D40049FC58 /* AppDelegate.m in Sources */ = {isa = PBXBuildFile; fileRef = 84F12D521CF9A2D40049FC58 /* AppDelegate.m */; };
		84F12D5A1CF9B20C0049FC58 /* WOTTieBarWebView.m in Sources */ = {isa = PBXBuildFile; fileRef = 84F12D591CF9B20C0049FC58 /* WOTTieBarWebView.m */; };
		EFCFB46B2443CC7D732C3CF2 /* libPods-WOTPlusTests.a in Frameworks */ = {isa = PBXBuildFile; fileRef = 1628BE1384F2FD4DE008AE2E /* libPods-WOTPlusTests.a */; };
		FE0E0E9B0DD31BB63027D848 /* libPods-WOTPlusUITests.a in Frameworks */ = {isa = PBXBuildFile; fileRef = BC0E21BB8972CF2DD67D1016 /* libPods-WOTPlusUITests.a */; };
/* End PBXBuildFile section */

/* Begin PBXContainerItemProxy section */
		84B9D5E11CF3F670006FC03C /* PBXContainerItemProxy */ = {
			isa = PBXContainerItemProxy;
			containerPortal = 84B9D5BF1CF3F670006FC03C /* Project object */;
			proxyType = 1;
			remoteGlobalIDString = 84B9D5C61CF3F670006FC03C;
			remoteInfo = WOTPlus;
		};
		84B9D5EC1CF3F670006FC03C /* PBXContainerItemProxy */ = {
			isa = PBXContainerItemProxy;
			containerPortal = 84B9D5BF1CF3F670006FC03C /* Project object */;
			proxyType = 1;
			remoteGlobalIDString = 84B9D5C61CF3F670006FC03C;
			remoteInfo = WOTPlus;
		};
/* End PBXContainerItemProxy section */

/* Begin PBXFileReference section */
		07F55A76912186C3F8A5EF58 /* Pods-WOTPlusUITests.debug.xcconfig */ = {isa = PBXFileReference; includeInIndex = 1; lastKnownFileType = text.xcconfig; name = "Pods-WOTPlusUITests.debug.xcconfig"; path = "Pods/Target Support Files/Pods-WOTPlusUITests/Pods-WOTPlusUITests.debug.xcconfig"; sourceTree = "<group>"; };
		08B68A981757CA4F45F07D57 /* Pods-WOTPlus-WOTPlusTests.debug.xcconfig */ = {isa = PBXFileReference; includeInIndex = 1; lastKnownFileType = text.xcconfig; name = "Pods-WOTPlus-WOTPlusTests.debug.xcconfig"; path = "Pods/Target Support Files/Pods-WOTPlus-WOTPlusTests/Pods-WOTPlus-WOTPlusTests.debug.xcconfig"; sourceTree = "<group>"; };
		159ABD448A8723EC0F8B8C90 /* libPods-WOTPlus-WOTPlusTests.a */ = {isa = PBXFileReference; explicitFileType = archive.ar; includeInIndex = 0; path = "libPods-WOTPlus-WOTPlusTests.a"; sourceTree = BUILT_PRODUCTS_DIR; };
		1628BE1384F2FD4DE008AE2E /* libPods-WOTPlusTests.a */ = {isa = PBXFileReference; explicitFileType = archive.ar; includeInIndex = 0; path = "libPods-WOTPlusTests.a"; sourceTree = BUILT_PRODUCTS_DIR; };
		207118532EC2B888FD1B58F5 /* Pods-WOTPlus-WOTPlusUITests.release.xcconfig */ = {isa = PBXFileReference; includeInIndex = 1; lastKnownFileType = text.xcconfig; name = "Pods-WOTPlus-WOTPlusUITests.release.xcconfig"; path = "Pods/Target Support Files/Pods-WOTPlus-WOTPlusUITests/Pods-WOTPlus-WOTPlusUITests.release.xcconfig"; sourceTree = "<group>"; };
		34B40BED5026A69CDB83CC2F /* libPods-WOTPlus-WOTPlusUITests.a */ = {isa = PBXFileReference; explicitFileType = archive.ar; includeInIndex = 0; path = "libPods-WOTPlus-WOTPlusUITests.a"; sourceTree = BUILT_PRODUCTS_DIR; };
		393674C9ED6FBB35941EDF1D /* libPods-WOTPlus.a */ = {isa = PBXFileReference; explicitFileType = archive.ar; includeInIndex = 0; path = "libPods-WOTPlus.a"; sourceTree = BUILT_PRODUCTS_DIR; };
		4237DFDB600A5B708640D26B /* Pods-WOTPlus-WOTPlusTests.release.xcconfig */ = {isa = PBXFileReference; includeInIndex = 1; lastKnownFileType = text.xcconfig; name = "Pods-WOTPlus-WOTPlusTests.release.xcconfig"; path = "Pods/Target Support Files/Pods-WOTPlus-WOTPlusTests/Pods-WOTPlus-WOTPlusTests.release.xcconfig"; sourceTree = "<group>"; };
		67019A7FEEA6D60BE80952EA /* Pods-WOTPlus.debug.xcconfig */ = {isa = PBXFileReference; includeInIndex = 1; lastKnownFileType = text.xcconfig; name = "Pods-WOTPlus.debug.xcconfig"; path = "Pods/Target Support Files/Pods-WOTPlus/Pods-WOTPlus.debug.xcconfig"; sourceTree = "<group>"; };
		8415B5D31D05B59A00FBA8E7 /* WOTPersonViewController.h */ = {isa = PBXFileReference; fileEncoding = 4; lastKnownFileType = sourcecode.c.h; path = WOTPersonViewController.h; sourceTree = "<group>"; };
		8415B5D41D05B59A00FBA8E7 /* WOTPersonViewController.m */ = {isa = PBXFileReference; fileEncoding = 4; lastKnownFileType = sourcecode.c.objc; path = WOTPersonViewController.m; sourceTree = "<group>"; };
		8415B5D61D05B79900FBA8E7 /* WOTPersonTableView.h */ = {isa = PBXFileReference; fileEncoding = 4; lastKnownFileType = sourcecode.c.h; path = WOTPersonTableView.h; sourceTree = "<group>"; };
		8415B5D71D05B79900FBA8E7 /* WOTPersonTableView.m */ = {isa = PBXFileReference; fileEncoding = 4; lastKnownFileType = sourcecode.c.objc; path = WOTPersonTableView.m; sourceTree = "<group>"; };
		8415B5D91D05B9DA00FBA8E7 /* leftController.plist */ = {isa = PBXFileReference; fileEncoding = 4; lastKnownFileType = text.plist.xml; path = leftController.plist; sourceTree = "<group>"; };
		842EF33A1CF97CCA001B775E /* WOTGuideViewController.h */ = {isa = PBXFileReference; fileEncoding = 4; lastKnownFileType = sourcecode.c.h; path = WOTGuideViewController.h; sourceTree = "<group>"; };
		842EF33B1CF97CCA001B775E /* WOTGuideViewController.m */ = {isa = PBXFileReference; fileEncoding = 4; lastKnownFileType = sourcecode.c.objc; path = WOTGuideViewController.m; sourceTree = "<group>"; };
		842EF33F1CF97CCA001B775E /* WOTHomeTableViewController.h */ = {isa = PBXFileReference; fileEncoding = 4; lastKnownFileType = sourcecode.c.h; path = WOTHomeTableViewController.h; sourceTree = "<group>"; };
		842EF3401CF97CCA001B775E /* WOTHomeTableViewController.m */ = {isa = PBXFileReference; fileEncoding = 4; lastKnownFileType = sourcecode.c.objc; path = WOTHomeTableViewController.m; sourceTree = "<group>"; };
		842EF3421CF97CCA001B775E /* WOTMainTabBarController.h */ = {isa = PBXFileReference; fileEncoding = 4; lastKnownFileType = sourcecode.c.h; path = WOTMainTabBarController.h; sourceTree = "<group>"; };
		842EF3431CF97CCA001B775E /* WOTMainTabBarController.m */ = {isa = PBXFileReference; fileEncoding = 4; lastKnownFileType = sourcecode.c.objc; path = WOTMainTabBarController.m; sourceTree = "<group>"; };
		842EF3451CF97CCA001B775E /* WOTPersonTableViewController.h */ = {isa = PBXFileReference; fileEncoding = 4; lastKnownFileType = sourcecode.c.h; path = WOTPersonTableViewController.h; sourceTree = "<group>"; };
		842EF3461CF97CCA001B775E /* WOTPersonTableViewController.m */ = {isa = PBXFileReference; fileEncoding = 4; lastKnownFileType = sourcecode.c.objc; path = WOTPersonTableViewController.m; sourceTree = "<group>"; };
		842EF3481CF97CCA001B775E /* WOTSettingTableViewController.h */ = {isa = PBXFileReference; fileEncoding = 4; lastKnownFileType = sourcecode.c.h; path = WOTSettingTableViewController.h; sourceTree = "<group>"; };
		842EF3491CF97CCA001B775E /* WOTSettingTableViewController.m */ = {isa = PBXFileReference; fileEncoding = 4; lastKnownFileType = sourcecode.c.objc; path = WOTSettingTableViewController.m; sourceTree = "<group>"; };
		842EF34B1CF97CCA001B775E /* WOTTieBarViewController.h */ = {isa = PBXFileReference; fileEncoding = 4; lastKnownFileType = sourcecode.c.h; path = WOTTieBarViewController.h; sourceTree = "<group>"; };
		842EF34C1CF97CCA001B775E /* WOTTieBarViewController.m */ = {isa = PBXFileReference; fileEncoding = 4; lastKnownFileType = sourcecode.c.objc; path = WOTTieBarViewController.m; sourceTree = "<group>"; };
		842EF34E1CF97CCA001B775E /* WOTVideoViewController.h */ = {isa = PBXFileReference; fileEncoding = 4; lastKnownFileType = sourcecode.c.h; path = WOTVideoViewController.h; sourceTree = "<group>"; };
		842EF34F1CF97CCA001B775E /* WOTVideoViewController.m */ = {isa = PBXFileReference; fileEncoding = 4; lastKnownFileType = sourcecode.c.objc; path = WOTVideoViewController.m; sourceTree = "<group>"; };
		843E86BE1CFE870400EC36C4 /* WOTSettingTableViewCell.h */ = {isa = PBXFileReference; fileEncoding = 4; lastKnownFileType = sourcecode.c.h; path = WOTSettingTableViewCell.h; sourceTree = "<group>"; };
		843E86BF1CFE870400EC36C4 /* WOTSettingTableViewCell.m */ = {isa = PBXFileReference; fileEncoding = 4; lastKnownFileType = sourcecode.c.objc; path = WOTSettingTableViewCell.m; sourceTree = "<group>"; };
		844A6AC31CFDABD8009D3008 /* libSVProgressHUD.a */ = {isa = PBXFileReference; lastKnownFileType = archive.ar; name = libSVProgressHUD.a; path = "Pods/../build/Debug-iphoneos/SVProgressHUD/libSVProgressHUD.a"; sourceTree = "<group>"; };
		84559A671CF57BF2008C591B /* PrefixHeader.pch */ = {isa = PBXFileReference; fileEncoding = 4; lastKnownFileType = sourcecode.c.h; path = PrefixHeader.pch; sourceTree = "<group>"; };
		84B9D5C71CF3F670006FC03C /* WOTPlus.app */ = {isa = PBXFileReference; explicitFileType = wrapper.application; includeInIndex = 0; path = WOTPlus.app; sourceTree = BUILT_PRODUCTS_DIR; };
		84B9D5CB1CF3F670006FC03C /* main.m */ = {isa = PBXFileReference; lastKnownFileType = sourcecode.c.objc; path = main.m; sourceTree = "<group>"; };
		84B9D5D61CF3F670006FC03C /* Assets.xcassets */ = {isa = PBXFileReference; lastKnownFileType = folder.assetcatalog; path = Assets.xcassets; sourceTree = "<group>"; };
		84B9D5D91CF3F670006FC03C /* Base */ = {isa = PBXFileReference; lastKnownFileType = file.storyboard; name = Base; path = Base.lproj/LaunchScreen.storyboard; sourceTree = "<group>"; };
		84B9D5DB1CF3F670006FC03C /* Info.plist */ = {isa = PBXFileReference; lastKnownFileType = text.plist.xml; path = Info.plist; sourceTree = "<group>"; };
		84B9D5E01CF3F670006FC03C /* WOTPlusTests.xctest */ = {isa = PBXFileReference; explicitFileType = wrapper.cfbundle; includeInIndex = 0; path = WOTPlusTests.xctest; sourceTree = BUILT_PRODUCTS_DIR; };
		84B9D5E41CF3F670006FC03C /* WOTPlusTests.m */ = {isa = PBXFileReference; lastKnownFileType = sourcecode.c.objc; path = WOTPlusTests.m; sourceTree = "<group>"; };
		84B9D5E61CF3F670006FC03C /* Info.plist */ = {isa = PBXFileReference; lastKnownFileType = text.plist.xml; path = Info.plist; sourceTree = "<group>"; };
		84B9D5EB1CF3F670006FC03C /* WOTPlusUITests.xctest */ = {isa = PBXFileReference; explicitFileType = wrapper.cfbundle; includeInIndex = 0; path = WOTPlusUITests.xctest; sourceTree = BUILT_PRODUCTS_DIR; };
		84B9D5EF1CF3F670006FC03C /* WOTPlusUITests.m */ = {isa = PBXFileReference; lastKnownFileType = sourcecode.c.objc; path = WOTPlusUITests.m; sourceTree = "<group>"; };
		84B9D5F11CF3F670006FC03C /* Info.plist */ = {isa = PBXFileReference; lastKnownFileType = text.plist.xml; path = Info.plist; sourceTree = "<group>"; };
		84E50E331CFF032800CA2525 /* WOTVisitorLoginViewController.h */ = {isa = PBXFileReference; fileEncoding = 4; lastKnownFileType = sourcecode.c.h; path = WOTVisitorLoginViewController.h; sourceTree = "<group>"; };
		84E50E341CFF032800CA2525 /* WOTVisitorLoginViewController.m */ = {isa = PBXFileReference; fileEncoding = 4; lastKnownFileType = sourcecode.c.objc; path = WOTVisitorLoginViewController.m; sourceTree = "<group>"; };
		84F12D511CF9A2D40049FC58 /* AppDelegate.h */ = {isa = PBXFileReference; fileEncoding = 4; lastKnownFileType = sourcecode.c.h; name = AppDelegate.h; path = AppDelegate/AppDelegate.h; sourceTree = "<group>"; };
		84F12D521CF9A2D40049FC58 /* AppDelegate.m */ = {isa = PBXFileReference; fileEncoding = 4; lastKnownFileType = sourcecode.c.objc; name = AppDelegate.m; path = AppDelegate/AppDelegate.m; sourceTree = "<group>"; };
		84F12D581CF9B20C0049FC58 /* WOTTieBarWebView.h */ = {isa = PBXFileReference; fileEncoding = 4; lastKnownFileType = sourcecode.c.h; path = WOTTieBarWebView.h; sourceTree = "<group>"; };
		84F12D591CF9B20C0049FC58 /* WOTTieBarWebView.m */ = {isa = PBXFileReference; fileEncoding = 4; lastKnownFileType = sourcecode.c.objc; path = WOTTieBarWebView.m; sourceTree = "<group>"; };
		8746FE99287D709D2D95F2AA /* Pods-WOTPlusUITests.release.xcconfig */ = {isa = PBXFileReference; includeInIndex = 1; lastKnownFileType = text.xcconfig; name = "Pods-WOTPlusUITests.release.xcconfig"; path = "Pods/Target Support Files/Pods-WOTPlusUITests/Pods-WOTPlusUITests.release.xcconfig"; sourceTree = "<group>"; };
		9F84ED965828F4539BFD957D /* Pods-WOTPlusTests.release.xcconfig */ = {isa = PBXFileReference; includeInIndex = 1; lastKnownFileType = text.xcconfig; name = "Pods-WOTPlusTests.release.xcconfig"; path = "Pods/Target Support Files/Pods-WOTPlusTests/Pods-WOTPlusTests.release.xcconfig"; sourceTree = "<group>"; };
		A5D5E4EC67F335103451FB87 /* Pods-WOTPlus.release.xcconfig */ = {isa = PBXFileReference; includeInIndex = 1; lastKnownFileType = text.xcconfig; name = "Pods-WOTPlus.release.xcconfig"; path = "Pods/Target Support Files/Pods-WOTPlus/Pods-WOTPlus.release.xcconfig"; sourceTree = "<group>"; };
		BC0E21BB8972CF2DD67D1016 /* libPods-WOTPlusUITests.a */ = {isa = PBXFileReference; explicitFileType = archive.ar; includeInIndex = 0; path = "libPods-WOTPlusUITests.a"; sourceTree = BUILT_PRODUCTS_DIR; };
		ECC8E02908CF5259F5346F2F /* Pods-WOTPlusTests.debug.xcconfig */ = {isa = PBXFileReference; includeInIndex = 1; lastKnownFileType = text.xcconfig; name = "Pods-WOTPlusTests.debug.xcconfig"; path = "Pods/Target Support Files/Pods-WOTPlusTests/Pods-WOTPlusTests.debug.xcconfig"; sourceTree = "<group>"; };
		ECE87BEFC3064249589B9770 /* Pods-WOTPlus-WOTPlusUITests.debug.xcconfig */ = {isa = PBXFileReference; includeInIndex = 1; lastKnownFileType = text.xcconfig; name = "Pods-WOTPlus-WOTPlusUITests.debug.xcconfig"; path = "Pods/Target Support Files/Pods-WOTPlus-WOTPlusUITests/Pods-WOTPlus-WOTPlusUITests.debug.xcconfig"; sourceTree = "<group>"; };
/* End PBXFileReference section */

/* Begin PBXFrameworksBuildPhase section */
		84B9D5C41CF3F670006FC03C /* Frameworks */ = {
			isa = PBXFrameworksBuildPhase;
			buildActionMask = 2147483647;
			files = (
				52E0C0DC16C6637D82FD4920 /* libPods-WOTPlus.a in Frameworks */,
			);
			runOnlyForDeploymentPostprocessing = 0;
		};
		84B9D5DD1CF3F670006FC03C /* Frameworks */ = {
			isa = PBXFrameworksBuildPhase;
			buildActionMask = 2147483647;
			files = (
				EFCFB46B2443CC7D732C3CF2 /* libPods-WOTPlusTests.a in Frameworks */,
				5DEEFFD6A4A5F5479558FA90 /* libPods-WOTPlus-WOTPlusTests.a in Frameworks */,
			);
			runOnlyForDeploymentPostprocessing = 0;
		};
		84B9D5E81CF3F670006FC03C /* Frameworks */ = {
			isa = PBXFrameworksBuildPhase;
			buildActionMask = 2147483647;
			files = (
				FE0E0E9B0DD31BB63027D848 /* libPods-WOTPlusUITests.a in Frameworks */,
				30C01A2797BB239769FDF3F5 /* libPods-WOTPlus-WOTPlusUITests.a in Frameworks */,
			);
			runOnlyForDeploymentPostprocessing = 0;
		};
/* End PBXFrameworksBuildPhase section */

/* Begin PBXGroup section */
		17C08F3B398D0F82C10675E0 /* Frameworks */ = {
			isa = PBXGroup;
			children = (
				844A6AC31CFDABD8009D3008 /* libSVProgressHUD.a */,
				393674C9ED6FBB35941EDF1D /* libPods-WOTPlus.a */,
				1628BE1384F2FD4DE008AE2E /* libPods-WOTPlusTests.a */,
				BC0E21BB8972CF2DD67D1016 /* libPods-WOTPlusUITests.a */,
				159ABD448A8723EC0F8B8C90 /* libPods-WOTPlus-WOTPlusTests.a */,
				34B40BED5026A69CDB83CC2F /* libPods-WOTPlus-WOTPlusUITests.a */,
			);
			name = Frameworks;
			sourceTree = "<group>";
		};
		3EAF43A0A85DAFE1271F6FC7 /* Pods */ = {
			isa = PBXGroup;
			children = (
				67019A7FEEA6D60BE80952EA /* Pods-WOTPlus.debug.xcconfig */,
				A5D5E4EC67F335103451FB87 /* Pods-WOTPlus.release.xcconfig */,
				ECC8E02908CF5259F5346F2F /* Pods-WOTPlusTests.debug.xcconfig */,
				9F84ED965828F4539BFD957D /* Pods-WOTPlusTests.release.xcconfig */,
				07F55A76912186C3F8A5EF58 /* Pods-WOTPlusUITests.debug.xcconfig */,
				8746FE99287D709D2D95F2AA /* Pods-WOTPlusUITests.release.xcconfig */,
				08B68A981757CA4F45F07D57 /* Pods-WOTPlus-WOTPlusTests.debug.xcconfig */,
				4237DFDB600A5B708640D26B /* Pods-WOTPlus-WOTPlusTests.release.xcconfig */,
				ECE87BEFC3064249589B9770 /* Pods-WOTPlus-WOTPlusUITests.debug.xcconfig */,
				207118532EC2B888FD1B58F5 /* Pods-WOTPlus-WOTPlusUITests.release.xcconfig */,
			);
			name = Pods;
			sourceTree = "<group>";
		};
		8415B5CE1D05A27D00FBA8E7 /* Profile */ = {
			isa = PBXGroup;
			children = (
			);
			path = Profile;
			sourceTree = "<group>";
		};
		8415B5CF1D05B4CA00FBA8E7 /* Controller */ = {
			isa = PBXGroup;
			children = (
				842EF3451CF97CCA001B775E /* WOTPersonTableViewController.h */,
				842EF3461CF97CCA001B775E /* WOTPersonTableViewController.m */,
				8415B5D31D05B59A00FBA8E7 /* WOTPersonViewController.h */,
				8415B5D41D05B59A00FBA8E7 /* WOTPersonViewController.m */,
			);
			name = Controller;
			sourceTree = "<group>";
		};
		8415B5D01D05B50800FBA8E7 /* View */ = {
			isa = PBXGroup;
			children = (
				8415B5D61D05B79900FBA8E7 /* WOTPersonTableView.h */,
				8415B5D71D05B79900FBA8E7 /* WOTPersonTableView.m */,
			);
			name = View;
			sourceTree = "<group>";
		};
		8415B5D21D05B51D00FBA8E7 /* Model */ = {
			isa = PBXGroup;
			children = (
			);
			name = Model;
			sourceTree = "<group>";
		};
		842EF3351CF97CCA001B775E /* Class */ = {
			isa = PBXGroup;
			children = (
				842EF3361CF97CCA001B775E /* Model */,
				842EF3371CF97CCA001B775E /* Tools */,
				842EF3381CF97CCA001B775E /* View */,
				842EF3501CF97CCA001B775E /* ViewModel */,
			);
			path = Class;
			sourceTree = "<group>";
		};
		842EF3361CF97CCA001B775E /* Model */ = {
			isa = PBXGroup;
			children = (
			);
			path = Model;
			sourceTree = "<group>";
		};
		842EF3371CF97CCA001B775E /* Tools */ = {
			isa = PBXGroup;
			children = (
			);
			path = Tools;
			sourceTree = "<group>";
		};
		842EF3381CF97CCA001B775E /* View */ = {
			isa = PBXGroup;
			children = (
				8415B5CE1D05A27D00FBA8E7 /* Profile */,
				842EF3391CF97CCA001B775E /* Guide */,
				842EF33C1CF97CCA001B775E /* Home */,
				842EF3411CF97CCA001B775E /* Main */,
				842EF3441CF97CCA001B775E /* Person */,
				842EF3471CF97CCA001B775E /* Setting */,
				842EF34A1CF97CCA001B775E /* TieBar */,
				842EF34D1CF97CCA001B775E /* Video */,
			);
			path = View;
			sourceTree = "<group>";
		};
		842EF3391CF97CCA001B775E /* Guide */ = {
			isa = PBXGroup;
			children = (
				842EF33A1CF97CCA001B775E /* WOTGuideViewController.h */,
				842EF33B1CF97CCA001B775E /* WOTGuideViewController.m */,
			);
			path = Guide;
			sourceTree = "<group>";
		};
		842EF33C1CF97CCA001B775E /* Home */ = {
			isa = PBXGroup;
			children = (
				842EF33F1CF97CCA001B775E /* WOTHomeTableViewController.h */,
				842EF3401CF97CCA001B775E /* WOTHomeTableViewController.m */,
				84E50E331CFF032800CA2525 /* WOTVisitorLoginViewController.h */,
				84E50E341CFF032800CA2525 /* WOTVisitorLoginViewController.m */,
			);
			path = Home;
			sourceTree = "<group>";
		};
		842EF3411CF97CCA001B775E /* Main */ = {
			isa = PBXGroup;
			children = (
				842EF3421CF97CCA001B775E /* WOTMainTabBarController.h */,
				842EF3431CF97CCA001B775E /* WOTMainTabBarController.m */,
			);
			path = Main;
			sourceTree = "<group>";
		};
		842EF3441CF97CCA001B775E /* Person */ = {
			isa = PBXGroup;
			children = (
				8415B5D21D05B51D00FBA8E7 /* Model */,
				8415B5CF1D05B4CA00FBA8E7 /* Controller */,
				8415B5D01D05B50800FBA8E7 /* View */,
			);
			path = Person;
			sourceTree = "<group>";
		};
		842EF3471CF97CCA001B775E /* Setting */ = {
			isa = PBXGroup;
			children = (
				842EF3481CF97CCA001B775E /* WOTSettingTableViewController.h */,
				842EF3491CF97CCA001B775E /* WOTSettingTableViewController.m */,
				843E86BE1CFE870400EC36C4 /* WOTSettingTableViewCell.h */,
				843E86BF1CFE870400EC36C4 /* WOTSettingTableViewCell.m */,
			);
			path = Setting;
			sourceTree = "<group>";
		};
		842EF34A1CF97CCA001B775E /* TieBar */ = {
			isa = PBXGroup;
			children = (
				84F12D541CF9A3060049FC58 /* View */,
				842EF34B1CF97CCA001B775E /* WOTTieBarViewController.h */,
				842EF34C1CF97CCA001B775E /* WOTTieBarViewController.m */,
			);
			path = TieBar;
			sourceTree = "<group>";
		};
		842EF34D1CF97CCA001B775E /* Video */ = {
			isa = PBXGroup;
			children = (
				842EF34E1CF97CCA001B775E /* WOTVideoViewController.h */,
				842EF34F1CF97CCA001B775E /* WOTVideoViewController.m */,
			);
			path = Video;
			sourceTree = "<group>";
		};
		842EF3501CF97CCA001B775E /* ViewModel */ = {
			isa = PBXGroup;
			children = (
			);
			path = ViewModel;
			sourceTree = "<group>";
		};
		84B9D5BE1CF3F670006FC03C = {
			isa = PBXGroup;
			children = (
				84B9D5C91CF3F670006FC03C /* WOTPlus */,
				84B9D5E31CF3F670006FC03C /* WOTPlusTests */,
				84B9D5EE1CF3F670006FC03C /* WOTPlusUITests */,
				84B9D5C81CF3F670006FC03C /* Products */,
				3EAF43A0A85DAFE1271F6FC7 /* Pods */,
				17C08F3B398D0F82C10675E0 /* Frameworks */,
			);
			sourceTree = "<group>";
		};
		84B9D5C81CF3F670006FC03C /* Products */ = {
			isa = PBXGroup;
			children = (
				84B9D5C71CF3F670006FC03C /* WOTPlus.app */,
				84B9D5E01CF3F670006FC03C /* WOTPlusTests.xctest */,
				84B9D5EB1CF3F670006FC03C /* WOTPlusUITests.xctest */,
			);
			name = Products;
			sourceTree = "<group>";
		};
		84B9D5C91CF3F670006FC03C /* WOTPlus */ = {
			isa = PBXGroup;
			children = (
				842EF3351CF97CCA001B775E /* Class */,
				84F12D501CF9A29C0049FC58 /* AppDelegate */,
				84B9D5D61CF3F670006FC03C /* Assets.xcassets */,
				84B9D5D81CF3F670006FC03C /* LaunchScreen.storyboard */,
				84559A671CF57BF2008C591B /* PrefixHeader.pch */,
				84B9D5DB1CF3F670006FC03C /* Info.plist */,
				84B9D5CA1CF3F670006FC03C /* Supporting Files */,
				8415B5D91D05B9DA00FBA8E7 /* leftController.plist */,
			);
			path = WOTPlus;
			sourceTree = "<group>";
		};
		84B9D5CA1CF3F670006FC03C /* Supporting Files */ = {
			isa = PBXGroup;
			children = (
				84B9D5CB1CF3F670006FC03C /* main.m */,
			);
			name = "Supporting Files";
			sourceTree = "<group>";
		};
		84B9D5E31CF3F670006FC03C /* WOTPlusTests */ = {
			isa = PBXGroup;
			children = (
				84B9D5E41CF3F670006FC03C /* WOTPlusTests.m */,
				84B9D5E61CF3F670006FC03C /* Info.plist */,
			);
			path = WOTPlusTests;
			sourceTree = "<group>";
		};
		84B9D5EE1CF3F670006FC03C /* WOTPlusUITests */ = {
			isa = PBXGroup;
			children = (
				84B9D5EF1CF3F670006FC03C /* WOTPlusUITests.m */,
				84B9D5F11CF3F670006FC03C /* Info.plist */,
			);
			path = WOTPlusUITests;
			sourceTree = "<group>";
		};
		84F12D501CF9A29C0049FC58 /* AppDelegate */ = {
			isa = PBXGroup;
			children = (
				84F12D511CF9A2D40049FC58 /* AppDelegate.h */,
				84F12D521CF9A2D40049FC58 /* AppDelegate.m */,
			);
			name = AppDelegate;
			sourceTree = "<group>";
		};
		84F12D541CF9A3060049FC58 /* View */ = {
			isa = PBXGroup;
			children = (
				84F12D581CF9B20C0049FC58 /* WOTTieBarWebView.h */,
				84F12D591CF9B20C0049FC58 /* WOTTieBarWebView.m */,
			);
			path = View;
			sourceTree = "<group>";
		};
/* End PBXGroup section */

/* Begin PBXNativeTarget section */
		84B9D5C61CF3F670006FC03C /* WOTPlus */ = {
			isa = PBXNativeTarget;
			buildConfigurationList = 84B9D5F41CF3F670006FC03C /* Build configuration list for PBXNativeTarget "WOTPlus" */;
			buildPhases = (
				0FCB28931D32F99D8C18A3DF /* 📦 Check Pods Manifest.lock */,
				84B9D5C31CF3F670006FC03C /* Sources */,
				84B9D5C41CF3F670006FC03C /* Frameworks */,
				84B9D5C51CF3F670006FC03C /* Resources */,
				001EA568A544D81E995D2CBE /* 📦 Embed Pods Frameworks */,
				B243695ED4EC3E084BD7DD7C /* 📦 Copy Pods Resources */,
			);
			buildRules = (
			);
			dependencies = (
			);
			name = WOTPlus;
			productName = WOTPlus;
			productReference = 84B9D5C71CF3F670006FC03C /* WOTPlus.app */;
			productType = "com.apple.product-type.application";
		};
		84B9D5DF1CF3F670006FC03C /* WOTPlusTests */ = {
			isa = PBXNativeTarget;
			buildConfigurationList = 84B9D5F71CF3F670006FC03C /* Build configuration list for PBXNativeTarget "WOTPlusTests" */;
			buildPhases = (
				359931A3A2DB4F87F4BBBF11 /* 📦 Check Pods Manifest.lock */,
				84B9D5DC1CF3F670006FC03C /* Sources */,
				84B9D5DD1CF3F670006FC03C /* Frameworks */,
				84B9D5DE1CF3F670006FC03C /* Resources */,
				582AD98455A13052D7EAB781 /* 📦 Embed Pods Frameworks */,
				D0F40789B77CAB455C07A270 /* 📦 Copy Pods Resources */,
			);
			buildRules = (
			);
			dependencies = (
				84B9D5E21CF3F670006FC03C /* PBXTargetDependency */,
			);
			name = WOTPlusTests;
			productName = WOTPlusTests;
			productReference = 84B9D5E01CF3F670006FC03C /* WOTPlusTests.xctest */;
			productType = "com.apple.product-type.bundle.unit-test";
		};
		84B9D5EA1CF3F670006FC03C /* WOTPlusUITests */ = {
			isa = PBXNativeTarget;
			buildConfigurationList = 84B9D5FA1CF3F670006FC03C /* Build configuration list for PBXNativeTarget "WOTPlusUITests" */;
			buildPhases = (
				E8F89245E7A84148A80CAB99 /* 📦 Check Pods Manifest.lock */,
				84B9D5E71CF3F670006FC03C /* Sources */,
				84B9D5E81CF3F670006FC03C /* Frameworks */,
				84B9D5E91CF3F670006FC03C /* Resources */,
				B9D9285FA255A122817030FA /* 📦 Copy Pods Resources */,
			);
			buildRules = (
			);
			dependencies = (
				84B9D5ED1CF3F670006FC03C /* PBXTargetDependency */,
			);
			name = WOTPlusUITests;
			productName = WOTPlusUITests;
			productReference = 84B9D5EB1CF3F670006FC03C /* WOTPlusUITests.xctest */;
			productType = "com.apple.product-type.bundle.ui-testing";
		};
/* End PBXNativeTarget section */

/* Begin PBXProject section */
		84B9D5BF1CF3F670006FC03C /* Project object */ = {
			isa = PBXProject;
			attributes = {
				CLASSPREFIX = WOT;
				LastUpgradeCheck = 0730;
				ORGANIZATIONNAME = DirkChen;
				TargetAttributes = {
					84B9D5C61CF3F670006FC03C = {
						CreatedOnToolsVersion = 7.3;
						DevelopmentTeam = 8Y7Z9MFNB4;
					};
					84B9D5DF1CF3F670006FC03C = {
						CreatedOnToolsVersion = 7.3;
						DevelopmentTeam = 8Y7Z9MFNB4;
						TestTargetID = 84B9D5C61CF3F670006FC03C;
					};
					84B9D5EA1CF3F670006FC03C = {
						CreatedOnToolsVersion = 7.3;
						DevelopmentTeam = 8Y7Z9MFNB4;
						TestTargetID = 84B9D5C61CF3F670006FC03C;
					};
				};
			};
			buildConfigurationList = 84B9D5C21CF3F670006FC03C /* Build configuration list for PBXProject "WOTPlus" */;
			compatibilityVersion = "Xcode 3.2";
			developmentRegion = English;
			hasScannedForEncodings = 0;
			knownRegions = (
				en,
				Base,
			);
			mainGroup = 84B9D5BE1CF3F670006FC03C;
			productRefGroup = 84B9D5C81CF3F670006FC03C /* Products */;
			projectDirPath = "";
			projectRoot = "";
			targets = (
				84B9D5C61CF3F670006FC03C /* WOTPlus */,
				84B9D5DF1CF3F670006FC03C /* WOTPlusTests */,
				84B9D5EA1CF3F670006FC03C /* WOTPlusUITests */,
			);
		};
/* End PBXProject section */

/* Begin PBXResourcesBuildPhase section */
		84B9D5C51CF3F670006FC03C /* Resources */ = {
			isa = PBXResourcesBuildPhase;
			buildActionMask = 2147483647;
			files = (
				84B9D5DA1CF3F670006FC03C /* LaunchScreen.storyboard in Resources */,
				84B9D5D71CF3F670006FC03C /* Assets.xcassets in Resources */,
				8415B5DA1D05B9DA00FBA8E7 /* leftController.plist in Resources */,
			);
			runOnlyForDeploymentPostprocessing = 0;
		};
		84B9D5DE1CF3F670006FC03C /* Resources */ = {
			isa = PBXResourcesBuildPhase;
			buildActionMask = 2147483647;
			files = (
			);
			runOnlyForDeploymentPostprocessing = 0;
		};
		84B9D5E91CF3F670006FC03C /* Resources */ = {
			isa = PBXResourcesBuildPhase;
			buildActionMask = 2147483647;
			files = (
			);
			runOnlyForDeploymentPostprocessing = 0;
		};
/* End PBXResourcesBuildPhase section */

/* Begin PBXShellScriptBuildPhase section */
		001EA568A544D81E995D2CBE /* 📦 Embed Pods Frameworks */ = {
			isa = PBXShellScriptBuildPhase;
			buildActionMask = 2147483647;
			files = (
			);
			inputPaths = (
			);
			name = "📦 Embed Pods Frameworks";
			outputPaths = (
			);
			runOnlyForDeploymentPostprocessing = 0;
			shellPath = /bin/sh;
			shellScript = "\"${SRCROOT}/Pods/Target Support Files/Pods-WOTPlus/Pods-WOTPlus-frameworks.sh\"\n";
			showEnvVarsInLog = 0;
		};
		0FCB28931D32F99D8C18A3DF /* 📦 Check Pods Manifest.lock */ = {
			isa = PBXShellScriptBuildPhase;
			buildActionMask = 2147483647;
			files = (
			);
			inputPaths = (
			);
			name = "📦 Check Pods Manifest.lock";
			outputPaths = (
			);
			runOnlyForDeploymentPostprocessing = 0;
			shellPath = /bin/sh;
			shellScript = "diff \"${PODS_ROOT}/../Podfile.lock\" \"${PODS_ROOT}/Manifest.lock\" > /dev/null\nif [[ $? != 0 ]] ; then\n    cat << EOM\nerror: The sandbox is not in sync with the Podfile.lock. Run 'pod install' or update your CocoaPods installation.\nEOM\n    exit 1\nfi\n";
			showEnvVarsInLog = 0;
		};
		359931A3A2DB4F87F4BBBF11 /* 📦 Check Pods Manifest.lock */ = {
			isa = PBXShellScriptBuildPhase;
			buildActionMask = 2147483647;
			files = (
			);
			inputPaths = (
			);
			name = "📦 Check Pods Manifest.lock";
			outputPaths = (
			);
			runOnlyForDeploymentPostprocessing = 0;
			shellPath = /bin/sh;
			shellScript = "diff \"${PODS_ROOT}/../Podfile.lock\" \"${PODS_ROOT}/Manifest.lock\" > /dev/null\nif [[ $? != 0 ]] ; then\n    cat << EOM\nerror: The sandbox is not in sync with the Podfile.lock. Run 'pod install' or update your CocoaPods installation.\nEOM\n    exit 1\nfi\n";
			showEnvVarsInLog = 0;
		};
		582AD98455A13052D7EAB781 /* 📦 Embed Pods Frameworks */ = {
			isa = PBXShellScriptBuildPhase;
			buildActionMask = 2147483647;
			files = (
			);
			inputPaths = (
			);
			name = "📦 Embed Pods Frameworks";
			outputPaths = (
			);
			runOnlyForDeploymentPostprocessing = 0;
			shellPath = /bin/sh;
			shellScript = "\"${SRCROOT}/Pods/Target Support Files/Pods-WOTPlus-WOTPlusTests/Pods-WOTPlus-WOTPlusTests-frameworks.sh\"\n";
			showEnvVarsInLog = 0;
		};
		B243695ED4EC3E084BD7DD7C /* 📦 Copy Pods Resources */ = {
			isa = PBXShellScriptBuildPhase;
			buildActionMask = 2147483647;
			files = (
			);
			inputPaths = (
			);
			name = "📦 Copy Pods Resources";
			outputPaths = (
			);
			runOnlyForDeploymentPostprocessing = 0;
			shellPath = /bin/sh;
			shellScript = "\"${SRCROOT}/Pods/Target Support Files/Pods-WOTPlus/Pods-WOTPlus-resources.sh\"\n";
			showEnvVarsInLog = 0;
		};
		B9D9285FA255A122817030FA /* 📦 Copy Pods Resources */ = {
			isa = PBXShellScriptBuildPhase;
			buildActionMask = 2147483647;
			files = (
			);
			inputPaths = (
			);
			name = "📦 Copy Pods Resources";
			outputPaths = (
			);
			runOnlyForDeploymentPostprocessing = 0;
			shellPath = /bin/sh;
			shellScript = "\"${SRCROOT}/Pods/Target Support Files/Pods-WOTPlus-WOTPlusUITests/Pods-WOTPlus-WOTPlusUITests-resources.sh\"\n";
			showEnvVarsInLog = 0;
		};
		D0F40789B77CAB455C07A270 /* 📦 Copy Pods Resources */ = {
			isa = PBXShellScriptBuildPhase;
			buildActionMask = 2147483647;
			files = (
			);
			inputPaths = (
			);
			name = "📦 Copy Pods Resources";
			outputPaths = (
			);
			runOnlyForDeploymentPostprocessing = 0;
			shellPath = /bin/sh;
			shellScript = "\"${SRCROOT}/Pods/Target Support Files/Pods-WOTPlus-WOTPlusTests/Pods-WOTPlus-WOTPlusTests-resources.sh\"\n";
			showEnvVarsInLog = 0;
		};
		E8F89245E7A84148A80CAB99 /* 📦 Check Pods Manifest.lock */ = {
			isa = PBXShellScriptBuildPhase;
			buildActionMask = 2147483647;
			files = (
			);
			inputPaths = (
			);
			name = "📦 Check Pods Manifest.lock";
			outputPaths = (
			);
			runOnlyForDeploymentPostprocessing = 0;
			shellPath = /bin/sh;
			shellScript = "diff \"${PODS_ROOT}/../Podfile.lock\" \"${PODS_ROOT}/Manifest.lock\" > /dev/null\nif [[ $? != 0 ]] ; then\n    cat << EOM\nerror: The sandbox is not in sync with the Podfile.lock. Run 'pod install' or update your CocoaPods installation.\nEOM\n    exit 1\nfi\n";
			showEnvVarsInLog = 0;
		};
/* End PBXShellScriptBuildPhase section */

/* Begin PBXSourcesBuildPhase section */
		84B9D5C31CF3F670006FC03C /* Sources */ = {
			isa = PBXSourcesBuildPhase;
			buildActionMask = 2147483647;
			files = (
				84F12D531CF9A2D40049FC58 /* AppDelegate.m in Sources */,
				842EF3551CF97CCA001B775E /* WOTPersonTableViewController.m in Sources */,
				842EF3561CF97CCA001B775E /* WOTSettingTableViewController.m in Sources */,
				84E50E351CFF032800CA2525 /* WOTVisitorLoginViewController.m in Sources */,
				84F12D5A1CF9B20C0049FC58 /* WOTTieBarWebView.m in Sources */,
				8415B5D81D05B79900FBA8E7 /* WOTPersonTableView.m in Sources */,
				842EF3581CF97CCA001B775E /* WOTVideoViewController.m in Sources */,
				842EF3571CF97CCA001B775E /* WOTTieBarViewController.m in Sources */,
				8415B5D51D05B59A00FBA8E7 /* WOTPersonViewController.m in Sources */,
				84B9D5CC1CF3F670006FC03C /* main.m in Sources */,
				842EF3511CF97CCA001B775E /* WOTGuideViewController.m in Sources */,
				842EF3531CF97CCA001B775E /* WOTHomeTableViewController.m in Sources */,
				843E86C01CFE870400EC36C4 /* WOTSettingTableViewCell.m in Sources */,
				842EF3541CF97CCA001B775E /* WOTMainTabBarController.m in Sources */,
			);
			runOnlyForDeploymentPostprocessing = 0;
		};
		84B9D5DC1CF3F670006FC03C /* Sources */ = {
			isa = PBXSourcesBuildPhase;
			buildActionMask = 2147483647;
			files = (
				84B9D5E51CF3F670006FC03C /* WOTPlusTests.m in Sources */,
			);
			runOnlyForDeploymentPostprocessing = 0;
		};
		84B9D5E71CF3F670006FC03C /* Sources */ = {
			isa = PBXSourcesBuildPhase;
			buildActionMask = 2147483647;
			files = (
				84B9D5F01CF3F670006FC03C /* WOTPlusUITests.m in Sources */,
			);
			runOnlyForDeploymentPostprocessing = 0;
		};
/* End PBXSourcesBuildPhase section */

/* Begin PBXTargetDependency section */
		84B9D5E21CF3F670006FC03C /* PBXTargetDependency */ = {
			isa = PBXTargetDependency;
			target = 84B9D5C61CF3F670006FC03C /* WOTPlus */;
			targetProxy = 84B9D5E11CF3F670006FC03C /* PBXContainerItemProxy */;
		};
		84B9D5ED1CF3F670006FC03C /* PBXTargetDependency */ = {
			isa = PBXTargetDependency;
			target = 84B9D5C61CF3F670006FC03C /* WOTPlus */;
			targetProxy = 84B9D5EC1CF3F670006FC03C /* PBXContainerItemProxy */;
		};
/* End PBXTargetDependency section */

/* Begin PBXVariantGroup section */
		84B9D5D81CF3F670006FC03C /* LaunchScreen.storyboard */ = {
			isa = PBXVariantGroup;
			children = (
				84B9D5D91CF3F670006FC03C /* Base */,
			);
			name = LaunchScreen.storyboard;
			sourceTree = "<group>";
		};
/* End PBXVariantGroup section */

/* Begin XCBuildConfiguration section */
		84B9D5F21CF3F670006FC03C /* Debug */ = {
			isa = XCBuildConfiguration;
			buildSettings = {
				ALWAYS_SEARCH_USER_PATHS = NO;
				CLANG_ANALYZER_NONNULL = YES;
				CLANG_CXX_LANGUAGE_STANDARD = "gnu++0x";
				CLANG_CXX_LIBRARY = "libc++";
				CLANG_ENABLE_MODULES = YES;
				CLANG_ENABLE_OBJC_ARC = YES;
				CLANG_WARN_BOOL_CONVERSION = YES;
				CLANG_WARN_CONSTANT_CONVERSION = YES;
				CLANG_WARN_DIRECT_OBJC_ISA_USAGE = YES_ERROR;
				CLANG_WARN_EMPTY_BODY = YES;
				CLANG_WARN_ENUM_CONVERSION = YES;
				CLANG_WARN_INT_CONVERSION = YES;
				CLANG_WARN_OBJC_ROOT_CLASS = YES_ERROR;
				CLANG_WARN_UNREACHABLE_CODE = YES;
				CLANG_WARN__DUPLICATE_METHOD_MATCH = YES;
				"CODE_SIGN_IDENTITY[sdk=iphoneos*]" = "iPhone Developer";
				COPY_PHASE_STRIP = NO;
				DEBUG_INFORMATION_FORMAT = dwarf;
				ENABLE_STRICT_OBJC_MSGSEND = YES;
				ENABLE_TESTABILITY = YES;
				GCC_C_LANGUAGE_STANDARD = gnu99;
				GCC_DYNAMIC_NO_PIC = NO;
				GCC_NO_COMMON_BLOCKS = YES;
				GCC_OPTIMIZATION_LEVEL = 0;
				GCC_PREPROCESSOR_DEFINITIONS = (
					"DEBUG=1",
					"$(inherited)",
				);
				GCC_WARN_64_TO_32_BIT_CONVERSION = YES;
				GCC_WARN_ABOUT_RETURN_TYPE = YES_ERROR;
				GCC_WARN_UNDECLARED_SELECTOR = YES;
				GCC_WARN_UNINITIALIZED_AUTOS = YES_AGGRESSIVE;
				GCC_WARN_UNUSED_FUNCTION = YES;
				GCC_WARN_UNUSED_VARIABLE = YES;
				IPHONEOS_DEPLOYMENT_TARGET = 9.3;
				MTL_ENABLE_DEBUG_INFO = YES;
				ONLY_ACTIVE_ARCH = YES;
				SDKROOT = iphoneos;
				TARGETED_DEVICE_FAMILY = "1,2";
			};
			name = Debug;
		};
		84B9D5F31CF3F670006FC03C /* Release */ = {
			isa = XCBuildConfiguration;
			buildSettings = {
				ALWAYS_SEARCH_USER_PATHS = NO;
				CLANG_ANALYZER_NONNULL = YES;
				CLANG_CXX_LANGUAGE_STANDARD = "gnu++0x";
				CLANG_CXX_LIBRARY = "libc++";
				CLANG_ENABLE_MODULES = YES;
				CLANG_ENABLE_OBJC_ARC = YES;
				CLANG_WARN_BOOL_CONVERSION = YES;
				CLANG_WARN_CONSTANT_CONVERSION = YES;
				CLANG_WARN_DIRECT_OBJC_ISA_USAGE = YES_ERROR;
				CLANG_WARN_EMPTY_BODY = YES;
				CLANG_WARN_ENUM_CONVERSION = YES;
				CLANG_WARN_INT_CONVERSION = YES;
				CLANG_WARN_OBJC_ROOT_CLASS = YES_ERROR;
				CLANG_WARN_UNREACHABLE_CODE = YES;
				CLANG_WARN__DUPLICATE_METHOD_MATCH = YES;
				"CODE_SIGN_IDENTITY[sdk=iphoneos*]" = "iPhone Developer";
				COPY_PHASE_STRIP = NO;
				DEBUG_INFORMATION_FORMAT = "dwarf-with-dsym";
				ENABLE_NS_ASSERTIONS = NO;
				ENABLE_STRICT_OBJC_MSGSEND = YES;
				GCC_C_LANGUAGE_STANDARD = gnu99;
				GCC_NO_COMMON_BLOCKS = YES;
				GCC_WARN_64_TO_32_BIT_CONVERSION = YES;
				GCC_WARN_ABOUT_RETURN_TYPE = YES_ERROR;
				GCC_WARN_UNDECLARED_SELECTOR = YES;
				GCC_WARN_UNINITIALIZED_AUTOS = YES_AGGRESSIVE;
				GCC_WARN_UNUSED_FUNCTION = YES;
				GCC_WARN_UNUSED_VARIABLE = YES;
				IPHONEOS_DEPLOYMENT_TARGET = 9.3;
				MTL_ENABLE_DEBUG_INFO = NO;
				SDKROOT = iphoneos;
				TARGETED_DEVICE_FAMILY = "1,2";
				VALIDATE_PRODUCT = YES;
			};
			name = Release;
		};
		84B9D5F51CF3F670006FC03C /* Debug */ = {
			isa = XCBuildConfiguration;
			baseConfigurationReference = 67019A7FEEA6D60BE80952EA /* Pods-WOTPlus.debug.xcconfig */;
			buildSettings = {
				ASSETCATALOG_COMPILER_APPICON_NAME = AppIcon;
				GCC_PREFIX_HEADER = /Users/admin/Desktop/GitHub/WOTPlus/WOTPlus/PrefixHeader.pch;
				INFOPLIST_FILE = WOTPlus/Info.plist;
				IPHONEOS_DEPLOYMENT_TARGET = 8.4;
				LD_RUNPATH_SEARCH_PATHS = "$(inherited) @executable_path/Frameworks";
				LIBRARY_SEARCH_PATHS = (
					"$(inherited)",
					"$(PROJECT_DIR)/build/Debug-iphoneos/SVProgressHUD",
				);
				PRODUCT_BUNDLE_IDENTIFIER = com.DirkChen.WOTPlus;
				PRODUCT_NAME = "$(TARGET_NAME)";
			};
			name = Debug;
		};
		84B9D5F61CF3F670006FC03C /* Release */ = {
			isa = XCBuildConfiguration;
			baseConfigurationReference = A5D5E4EC67F335103451FB87 /* Pods-WOTPlus.release.xcconfig */;
			buildSettings = {
				ASSETCATALOG_COMPILER_APPICON_NAME = AppIcon;
				GCC_PREFIX_HEADER = /Users/admin/Desktop/GitHub/WOTPlus/WOTPlus/PrefixHeader.pch;
				INFOPLIST_FILE = WOTPlus/Info.plist;
				IPHONEOS_DEPLOYMENT_TARGET = 8.4;
				LD_RUNPATH_SEARCH_PATHS = "$(inherited) @executable_path/Frameworks";
				LIBRARY_SEARCH_PATHS = (
					"$(inherited)",
					"$(PROJECT_DIR)/build/Debug-iphoneos/SVProgressHUD",
				);
				PRODUCT_BUNDLE_IDENTIFIER = com.DirkChen.WOTPlus;
				PRODUCT_NAME = "$(TARGET_NAME)";
			};
			name = Release;
		};
		84B9D5F81CF3F670006FC03C /* Debug */ = {
			isa = XCBuildConfiguration;
			baseConfigurationReference = 08B68A981757CA4F45F07D57 /* Pods-WOTPlus-WOTPlusTests.debug.xcconfig */;
			buildSettings = {
				BUNDLE_LOADER = "$(TEST_HOST)";
				INFOPLIST_FILE = WOTPlusTests/Info.plist;
				LD_RUNPATH_SEARCH_PATHS = "$(inherited) @executable_path/Frameworks @loader_path/Frameworks";
				PRODUCT_BUNDLE_IDENTIFIER = com.DirkChen.WOTPlusTests;
				PRODUCT_NAME = "$(TARGET_NAME)";
				TEST_HOST = "$(BUILT_PRODUCTS_DIR)/WOTPlus.app/WOTPlus";
			};
			name = Debug;
		};
		84B9D5F91CF3F670006FC03C /* Release */ = {
			isa = XCBuildConfiguration;
			baseConfigurationReference = 4237DFDB600A5B708640D26B /* Pods-WOTPlus-WOTPlusTests.release.xcconfig */;
			buildSettings = {
				BUNDLE_LOADER = "$(TEST_HOST)";
				INFOPLIST_FILE = WOTPlusTests/Info.plist;
				LD_RUNPATH_SEARCH_PATHS = "$(inherited) @executable_path/Frameworks @loader_path/Frameworks";
				PRODUCT_BUNDLE_IDENTIFIER = com.DirkChen.WOTPlusTests;
				PRODUCT_NAME = "$(TARGET_NAME)";
				TEST_HOST = "$(BUILT_PRODUCTS_DIR)/WOTPlus.app/WOTPlus";
			};
			name = Release;
		};
		84B9D5FB1CF3F670006FC03C /* Debug */ = {
			isa = XCBuildConfiguration;
			baseConfigurationReference = ECE87BEFC3064249589B9770 /* Pods-WOTPlus-WOTPlusUITests.debug.xcconfig */;
			buildSettings = {
				INFOPLIST_FILE = WOTPlusUITests/Info.plist;
				LD_RUNPATH_SEARCH_PATHS = "$(inherited) @executable_path/Frameworks @loader_path/Frameworks";
				PRODUCT_BUNDLE_IDENTIFIER = com.DirkChen.WOTPlusUITests;
				PRODUCT_NAME = "$(TARGET_NAME)";
				TEST_TARGET_NAME = WOTPlus;
			};
			name = Debug;
		};
		84B9D5FC1CF3F670006FC03C /* Release */ = {
			isa = XCBuildConfiguration;
			baseConfigurationReference = 207118532EC2B888FD1B58F5 /* Pods-WOTPlus-WOTPlusUITests.release.xcconfig */;
			buildSettings = {
				INFOPLIST_FILE = WOTPlusUITests/Info.plist;
				LD_RUNPATH_SEARCH_PATHS = "$(inherited) @executable_path/Frameworks @loader_path/Frameworks";
				PRODUCT_BUNDLE_IDENTIFIER = com.DirkChen.WOTPlusUITests;
				PRODUCT_NAME = "$(TARGET_NAME)";
				TEST_TARGET_NAME = WOTPlus;
			};
			name = Release;
		};
/* End XCBuildConfiguration section */

/* Begin XCConfigurationList section */
		84B9D5C21CF3F670006FC03C /* Build configuration list for PBXProject "WOTPlus" */ = {
			isa = XCConfigurationList;
			buildConfigurations = (
				84B9D5F21CF3F670006FC03C /* Debug */,
				84B9D5F31CF3F670006FC03C /* Release */,
			);
			defaultConfigurationIsVisible = 0;
			defaultConfigurationName = Release;
		};
		84B9D5F41CF3F670006FC03C /* Build configuration list for PBXNativeTarget "WOTPlus" */ = {
			isa = XCConfigurationList;
			buildConfigurations = (
				84B9D5F51CF3F670006FC03C /* Debug */,
				84B9D5F61CF3F670006FC03C /* Release */,
			);
			defaultConfigurationIsVisible = 0;
			defaultConfigurationName = Release;
		};
		84B9D5F71CF3F670006FC03C /* Build configuration list for PBXNativeTarget "WOTPlusTests" */ = {
			isa = XCConfigurationList;
			buildConfigurations = (
				84B9D5F81CF3F670006FC03C /* Debug */,
				84B9D5F91CF3F670006FC03C /* Release */,
			);
			defaultConfigurationIsVisible = 0;
			defaultConfigurationName = Release;
		};
		84B9D5FA1CF3F670006FC03C /* Build configuration list for PBXNativeTarget "WOTPlusUITests" */ = {
			isa = XCConfigurationList;
			buildConfigurations = (
				84B9D5FB1CF3F670006FC03C /* Debug */,
				84B9D5FC1CF3F670006FC03C /* Release */,
			);
			defaultConfigurationIsVisible = 0;
			defaultConfigurationName = Release;
		};
/* End XCConfigurationList section */
	};
	rootObject = 84B9D5BF1CF3F670006FC03C /* Project object */;
}
